
Microsoft Visual Studio Solution File, Format Version 12.00
# Visual Studio 15
VisualStudioVersion = 15.0.27130.2010
MinimumVisualStudioVersion = 10.0.40219.1
Project("{2150E333-8FDC-42A3-9474-1A3956D46DE8}") = "Engine", "Engine", "{B2F004E2-170B-4746-A9F3-A64F0B6BC0A7}"
EndProject
Project("{2150E333-8FDC-42A3-9474-1A3956D46DE8}") = "Games", "Games", "{12A40BE3-C32F-405B-888D-B7EBF81324F1}"
EndProject
Project("{8BC9CEB8-8B4A-11D0-8D11-00A0C91BC942}") = "UE4", "Intermediate\ProjectFiles\UE4.vcxproj", "{EFB01916-80CA-4C67-AC0A-D86A020ADADA}"
EndProject
Project("{8BC9CEB8-8B4A-11D0-8D11-00A0C91BC942}") = "BuildingEscape", "Intermediate\ProjectFiles\BuildingEscape.vcxproj", "{62FD7EB7-6F2A-4785-B53E-E757AC2BC1C7}"
EndProject
Global
	GlobalSection(SolutionConfigurationPlatforms) = preSolution
		DebugGame Editor|HTML5 = DebugGame Editor|HTML5
		DebugGame Editor|Win32 = DebugGame Editor|Win32
		DebugGame Editor|Win64 = DebugGame Editor|Win64
		DebugGame|HTML5 = DebugGame|HTML5
		DebugGame|Win32 = DebugGame|Win32
		DebugGame|Win64 = DebugGame|Win64
		Development Editor|HTML5 = Development Editor|HTML5
		Development Editor|Win32 = Development Editor|Win32
		Development Editor|Win64 = Development Editor|Win64
		Development|HTML5 = Development|HTML5
		Development|Win32 = Development|Win32
		Development|Win64 = Development|Win64
		Shipping|HTML5 = Shipping|HTML5
		Shipping|Win32 = Shipping|Win32
		Shipping|Win64 = Shipping|Win64
	EndGlobalSection
	GlobalSection(ProjectConfigurationPlatforms) = postSolution
		{EFB01916-80CA-4C67-AC0A-D86A020ADADA}.DebugGame Editor|HTML5.ActiveCfg = BuiltWithUnrealBuildTool|Win32
		{EFB01916-80CA-4C67-AC0A-D86A020ADADA}.DebugGame Editor|HTML5.Build.0 = BuiltWithUnrealBuildTool|Win32
		{EFB01916-80CA-4C67-AC0A-D86A020ADADA}.DebugGame Editor|Win32.ActiveCfg = BuiltWithUnrealBuildTool|Win32
		{EFB01916-80CA-4C67-AC0A-D86A020ADADA}.DebugGame Editor|Win32.Build.0 = BuiltWithUnrealBuildTool|Win32
		{EFB01916-80CA-4C67-AC0A-D86A020ADADA}.DebugGame Editor|Win64.ActiveCfg = BuiltWithUnrealBuildTool|Win32
		{EFB01916-80CA-4C67-AC0A-D86A020ADADA}.DebugGame Editor|Win64.Build.0 = BuiltWithUnrealBuildTool|Win32
		{EFB01916-80CA-4C67-AC0A-D86A020ADADA}.DebugGame|HTML5.ActiveCfg = BuiltWithUnrealBuildTool|Win32
		{EFB01916-80CA-4C67-AC0A-D86A020ADADA}.DebugGame|HTML5.Build.0 = BuiltWithUnrealBuildTool|Win32
		{EFB01916-80CA-4C67-AC0A-D86A020ADADA}.DebugGame|Win32.ActiveCfg = BuiltWithUnrealBuildTool|Win32
		{EFB01916-80CA-4C67-AC0A-D86A020ADADA}.DebugGame|Win32.Build.0 = BuiltWithUnrealBuildTool|Win32
		{EFB01916-80CA-4C67-AC0A-D86A020ADADA}.DebugGame|Win64.ActiveCfg = BuiltWithUnrealBuildTool|Win32
		{EFB01916-80CA-4C67-AC0A-D86A020ADADA}.DebugGame|Win64.Build.0 = BuiltWithUnrealBuildTool|Win32
		{EFB01916-80CA-4C67-AC0A-D86A020ADADA}.Development Editor|HTML5.ActiveCfg = BuiltWithUnrealBuildTool|Win32
		{EFB01916-80CA-4C67-AC0A-D86A020ADADA}.Development Editor|HTML5.Build.0 = BuiltWithUnrealBuildTool|Win32
		{EFB01916-80CA-4C67-AC0A-D86A020ADADA}.Development Editor|Win32.ActiveCfg = BuiltWithUnrealBuildTool|Win32
		{EFB01916-80CA-4C67-AC0A-D86A020ADADA}.Development Editor|Win32.Build.0 = BuiltWithUnrealBuildTool|Win32
		{EFB01916-80CA-4C67-AC0A-D86A020ADADA}.Development Editor|Win64.ActiveCfg = BuiltWithUnrealBuildTool|Win32
		{EFB01916-80CA-4C67-AC0A-D86A020ADADA}.Development Editor|Win64.Build.0 = BuiltWithUnrealBuildTool|Win32
		{EFB01916-80CA-4C67-AC0A-D86A020ADADA}.Development|HTML5.ActiveCfg = BuiltWithUnrealBuildTool|Win32
		{EFB01916-80CA-4C67-AC0A-D86A020ADADA}.Development|HTML5.Build.0 = BuiltWithUnrealBuildTool|Win32
		{EFB01916-80CA-4C67-AC0A-D86A020ADADA}.Development|Win32.ActiveCfg = BuiltWithUnrealBuildTool|Win32
		{EFB01916-80CA-4C67-AC0A-D86A020ADADA}.Development|Win32.Build.0 = BuiltWithUnrealBuildTool|Win32
		{EFB01916-80CA-4C67-AC0A-D86A020ADADA}.Development|Win64.ActiveCfg = BuiltWithUnrealBuildTool|Win32
		{EFB01916-80CA-4C67-AC0A-D86A020ADADA}.Development|Win64.Build.0 = BuiltWithUnrealBuildTool|Win32
		{EFB01916-80CA-4C67-AC0A-D86A020ADADA}.Shipping|HTML5.ActiveCfg = BuiltWithUnrealBuildTool|Win32
		{EFB01916-80CA-4C67-AC0A-D86A020ADADA}.Shipping|HTML5.Build.0 = BuiltWithUnrealBuildTool|Win32
		{EFB01916-80CA-4C67-AC0A-D86A020ADADA}.Shipping|Win32.ActiveCfg = BuiltWithUnrealBuildTool|Win32
		{EFB01916-80CA-4C67-AC0A-D86A020ADADA}.Shipping|Win32.Build.0 = BuiltWithUnrealBuildTool|Win32
		{EFB01916-80CA-4C67-AC0A-D86A020ADADA}.Shipping|Win64.ActiveCfg = BuiltWithUnrealBuildTool|Win32
		{EFB01916-80CA-4C67-AC0A-D86A020ADADA}.Shipping|Win64.Build.0 = BuiltWithUnrealBuildTool|Win32
		{62FD7EB7-6F2A-4785-B53E-E757AC2BC1C7}.DebugGame Editor|HTML5.ActiveCfg = HTML5_DebugGame_Editor|Win32
		{62FD7EB7-6F2A-4785-B53E-E757AC2BC1C7}.DebugGame Editor|Win32.ActiveCfg = DebugGame_Editor|Win32
		{62FD7EB7-6F2A-4785-B53E-E757AC2BC1C7}.DebugGame Editor|Win64.ActiveCfg = DebugGame_Editor|x64
		{62FD7EB7-6F2A-4785-B53E-E757AC2BC1C7}.DebugGame Editor|Win64.Build.0 = DebugGame_Editor|x64
		{62FD7EB7-6F2A-4785-B53E-E757AC2BC1C7}.DebugGame|HTML5.ActiveCfg = HTML5_DebugGame_Game|Win32
		{62FD7EB7-6F2A-4785-B53E-E757AC2BC1C7}.DebugGame|HTML5.Build.0 = HTML5_DebugGame_Game|Win32
		{62FD7EB7-6F2A-4785-B53E-E757AC2BC1C7}.DebugGame|Win32.ActiveCfg = DebugGame_Game|Win32
		{62FD7EB7-6F2A-4785-B53E-E757AC2BC1C7}.DebugGame|Win32.Build.0 = DebugGame_Game|Win32
		{62FD7EB7-6F2A-4785-B53E-E757AC2BC1C7}.DebugGame|Win64.ActiveCfg = DebugGame_Game|x64
		{62FD7EB7-6F2A-4785-B53E-E757AC2BC1C7}.DebugGame|Win64.Build.0 = DebugGame_Game|x64
		{62FD7EB7-6F2A-4785-B53E-E757AC2BC1C7}.Development Editor|HTML5.ActiveCfg = HTML5_Development_Editor|Win32
		{62FD7EB7-6F2A-4785-B53E-E757AC2BC1C7}.Development Editor|Win32.ActiveCfg = Development_Editor|Win32
		{62FD7EB7-6F2A-4785-B53E-E757AC2BC1C7}.Development Editor|Win64.ActiveCfg = Development_Editor|x64
		{62FD7EB7-6F2A-4785-B53E-E757AC2BC1C7}.Development Editor|Win64.Build.0 = Development_Editor|x64
		{62FD7EB7-6F2A-4785-B53E-E757AC2BC1C7}.Development|HTML5.ActiveCfg = HTML5_Development_Game|Win32
		{62FD7EB7-6F2A-4785-B53E-E757AC2BC1C7}.Development|HTML5.Build.0 = HTML5_Development_Game|Win32
		{62FD7EB7-6F2A-4785-B53E-E757AC2BC1C7}.Development|Win32.ActiveCfg = Development_Game|Win32
		{62FD7EB7-6F2A-4785-B53E-E757AC2BC1C7}.Development|Win32.Build.0 = Development_Game|Win32
		{62FD7EB7-6F2A-4785-B53E-E757AC2BC1C7}.Development|Win64.ActiveCfg = Development_Game|x64
		{62FD7EB7-6F2A-4785-B53E-E757AC2BC1C7}.Development|Win64.Build.0 = Development_Game|x64
		{62FD7EB7-6F2A-4785-B53E-E757AC2BC1C7}.Shipping|HTML5.ActiveCfg = HTML5_Shipping_Game|Win32
		{62FD7EB7-6F2A-4785-B53E-E757AC2BC1C7}.Shipping|HTML5.Build.0 = HTML5_Shipping_Game|Win32
		{62FD7EB7-6F2A-4785-B53E-E757AC2BC1C7}.Shipping|Win32.ActiveCfg = Shipping_Game|Win32
		{62FD7EB7-6F2A-4785-B53E-E757AC2BC1C7}.Shipping|Win32.Build.0 = Shipping_Game|Win32
		{62FD7EB7-6F2A-4785-B53E-E757AC2BC1C7}.Shipping|Win64.ActiveCfg = Shipping_Game|x64
		{62FD7EB7-6F2A-4785-B53E-E757AC2BC1C7}.Shipping|Win64.Build.0 = Shipping_Game|x64
	EndGlobalSection
	GlobalSection(SolutionProperties) = preSolution
		HideSolutionNode = FALSE
	EndGlobalSection
	GlobalSection(NestedProjects) = preSolution
		{EFB01916-80CA-4C67-AC0A-D86A020ADADA} = {B2F004E2-170B-4746-A9F3-A64F0B6BC0A7}
		{62FD7EB7-6F2A-4785-B53E-E757AC2BC1C7} = {12A40BE3-C32F-405B-888D-B7EBF81324F1}
	EndGlobalSection
	GlobalSection(ExtensibilityGlobals) = postSolution
		SolutionGuid = {F75F09B2-809D-4DEA-8A77-ACFB6FBF5860}
	EndGlobalSection
EndGlobal
